
Microsoft Visual Studio Solution File, Format Version 12.00
# Visual Studio 15
VisualStudioVersion = 15.0.28307.852
MinimumVisualStudioVersion = 10.0.40219.1
Project("{FAE04EC0-301F-11D3-BF4B-00C04F79EFBC}") = "SpaceShooter", "SpaceShooter\SpaceShooter.csproj", "{5DAE418B-3B60-4B5D-8B9F-41A4E7862030}"
EndProject
Global
	GlobalSection(SolutionConfigurationPlatforms) = preSolution
		Debug|x86 = Debug|x86
		Release|x86 = Release|x86
	EndGlobalSection
	GlobalSection(ProjectConfigurationPlatforms) = postSolution
		{5DAE418B-3B60-4B5D-8B9F-41A4E7862030}.Debug|x86.ActiveCfg = Debug|x86
		{5DAE418B-3B60-4B5D-8B9F-41A4E7862030}.Debug|x86.Build.0 = Debug|x86
		{5DAE418B-3B60-4B5D-8B9F-41A4E7862030}.Release|x86.ActiveCfg = Release|x86
		{5DAE418B-3B60-4B5D-8B9F-41A4E7862030}.Release|x86.Build.0 = Release|x86
	EndGlobalSection
	GlobalSection(SolutionProperties) = preSolution
		HideSolutionNode = FALSE
	EndGlobalSection
	GlobalSection(ExtensibilityGlobals) = postSolution
		SolutionGuid = {F8329FAB-F81B-485F-BEC5-E6BDE6B09F96}
	EndGlobalSection
EndGlobal
